
Microsoft Visual Studio Solution File, Format Version 12.00
# Visual Studio 2017
Project("{FAE04EC0-301F-11D3-BF4B-00C04F79EFBC}") = "KongLongFanKaiShu", "KongLongFanKaiShu.csproj", "{EC5BC21D-7ABF-B58B-987D-7370F7970111}"
EndProject
Global
	GlobalSection(SolutionConfigurationPlatforms) = preSolution
		Debug|Any CPU = Debug|Any CPU
		Release|Any CPU = Release|Any CPU
	EndGlobalSection
	GlobalSection(ProjectConfigurationPlatforms) = postSolution
		{EC5BC21D-7ABF-B58B-987D-7370F7970111}.Debug|Any CPU.ActiveCfg = Debug|Any CPU
		{EC5BC21D-7ABF-B58B-987D-7370F7970111}.Debug|Any CPU.Build.0 = Debug|Any CPU
		{EC5BC21D-7ABF-B58B-987D-7370F7970111}.Release|Any CPU.ActiveCfg = Release|Any CPU
		{EC5BC21D-7ABF-B58B-987D-7370F7970111}.Release|Any CPU.Build.0 = Release|Any CPU
	EndGlobalSection
	GlobalSection(SolutionProperties) = preSolution
		HideSolutionNode = FALSE
	EndGlobalSection
EndGlobal
